
Microsoft Visual Studio Solution File, Format Version 12.00
# Visual Studio 15
VisualStudioVersion = 15.0.27130.2026
MinimumVisualStudioVersion = 10.0.40219.1
Project("{2150E333-8FDC-42A3-9474-1A3956D46DE8}") = "Solution Items", "Solution Items", "{EA305DD5-1F98-415D-B6C4-65053A58F914}"
	ProjectSection(SolutionItems) = preProject
		Changelog.md = Changelog.md
		License.txt = License.txt
		Readme.md = Readme.md
	EndProjectSection
EndProject
Project("{FAE04EC0-301F-11D3-BF4B-00C04F79EFBC}") = "DiscordChatExporter.Gui", "DiscordChatExporter.Gui\DiscordChatExporter.Gui.csproj", "{732A67AF-93DE-49DF-B10F-FD74710B7863}"
EndProject
Project("{9A19103F-16F7-4668-BE54-9A1E7A4F7556}") = "DiscordChatExporter.Core", "DiscordChatExporter.Core\DiscordChatExporter.Core.csproj", "{707C0CD0-A7E0-4CAB-8DB9-07A45CB87377}"
EndProject
Project("{9A19103F-16F7-4668-BE54-9A1E7A4F7556}") = "DiscordChatExporter.Cli", "DiscordChatExporter.Cli\DiscordChatExporter.Cli.csproj", "{D08624B6-3081-4BCB-91F8-E9832FACC6CE}"
EndProject
Project("{FAE04EC0-301F-11D3-BF4B-00C04F79EFBC}") = "DiscordChatExporter.Core.Markdown", "DiscordChatExporter.Core.Markdown\DiscordChatExporter.Core.Markdown.csproj", "{14D02A08-E820-4012-B805-663B9A3D73E9}"
EndProject
Global
	GlobalSection(SolutionConfigurationPlatforms) = preSolution
		Debug|Any CPU = Debug|Any CPU
		Release|Any CPU = Release|Any CPU
	EndGlobalSection
	GlobalSection(ProjectConfigurationPlatforms) = postSolution
		{732A67AF-93DE-49DF-B10F-FD74710B7863}.Debug|Any CPU.ActiveCfg = Debug|Any CPU
		{732A67AF-93DE-49DF-B10F-FD74710B7863}.Debug|Any CPU.Build.0 = Debug|Any CPU
		{732A67AF-93DE-49DF-B10F-FD74710B7863}.Release|Any CPU.ActiveCfg = Release|Any CPU
		{732A67AF-93DE-49DF-B10F-FD74710B7863}.Release|Any CPU.Build.0 = Release|Any CPU
		{707C0CD0-A7E0-4CAB-8DB9-07A45CB87377}.Debug|Any CPU.ActiveCfg = Debug|Any CPU
		{707C0CD0-A7E0-4CAB-8DB9-07A45CB87377}.Debug|Any CPU.Build.0 = Debug|Any CPU
		{707C0CD0-A7E0-4CAB-8DB9-07A45CB87377}.Release|Any CPU.ActiveCfg = Release|Any CPU
		{707C0CD0-A7E0-4CAB-8DB9-07A45CB87377}.Release|Any CPU.Build.0 = Release|Any CPU
		{D08624B6-3081-4BCB-91F8-E9832FACC6CE}.Debug|Any CPU.ActiveCfg = Debug|Any CPU
		{D08624B6-3081-4BCB-91F8-E9832FACC6CE}.Debug|Any CPU.Build.0 = Debug|Any CPU
		{D08624B6-3081-4BCB-91F8-E9832FACC6CE}.Release|Any CPU.ActiveCfg = Release|Any CPU
		{D08624B6-3081-4BCB-91F8-E9832FACC6CE}.Release|Any CPU.Build.0 = Release|Any CPU
		{14D02A08-E820-4012-B805-663B9A3D73E9}.Debug|Any CPU.ActiveCfg = Debug|Any CPU
		{14D02A08-E820-4012-B805-663B9A3D73E9}.Debug|Any CPU.Build.0 = Debug|Any CPU
		{14D02A08-E820-4012-B805-663B9A3D73E9}.Release|Any CPU.ActiveCfg = Release|Any CPU
		{14D02A08-E820-4012-B805-663B9A3D73E9}.Release|Any CPU.Build.0 = Release|Any CPU
	EndGlobalSection
	GlobalSection(SolutionProperties) = preSolution
		HideSolutionNode = FALSE
	EndGlobalSection
	GlobalSection(ExtensibilityGlobals) = postSolution
		SolutionGuid = {51587D08-01E1-4511-AC57-A417D1A9162F}
	EndGlobalSection
EndGlobal
